
Microsoft Visual Studio Solution File, Format Version 12.00
# Visual Studio Version 16
VisualStudioVersion = 16.0.28803.352
MinimumVisualStudioVersion = 10.0.40219.1
Project("{8BC9CEB8-8B4A-11D0-8D11-00A0C91BC942}") = "Navigation_Data_Updater", "Navigation_Data_Updater\Navigation_Data_Updater.vcxproj", "{88497597-AD05-4EFB-A154-ED687E3AB401}"
EndProject
Global
	GlobalSection(SolutionConfigurationPlatforms) = preSolution
		Debug|x64 = Debug|x64
		Debug|x86 = Debug|x86
		Release|x64 = Release|x64
		Release|x86 = Release|x86
	EndGlobalSection
	GlobalSection(ProjectConfigurationPlatforms) = postSolution
		{88497597-AD05-4EFB-A154-ED687E3AB401}.Debug|x64.ActiveCfg = Debug|x64
		{88497597-AD05-4EFB-A154-ED687E3AB401}.Debug|x64.Build.0 = Debug|x64
		{88497597-AD05-4EFB-A154-ED687E3AB401}.Debug|x86.ActiveCfg = Debug|Win32
		{88497597-AD05-4EFB-A154-ED687E3AB401}.Debug|x86.Build.0 = Debug|Win32
		{88497597-AD05-4EFB-A154-ED687E3AB401}.Release|x64.ActiveCfg = Release|x64
		{88497597-AD05-4EFB-A154-ED687E3AB401}.Release|x64.Build.0 = Release|x64
		{88497597-AD05-4EFB-A154-ED687E3AB401}.Release|x86.ActiveCfg = Release|Win32
		{88497597-AD05-4EFB-A154-ED687E3AB401}.Release|x86.Build.0 = Release|Win32
	EndGlobalSection
	GlobalSection(SolutionProperties) = preSolution
		HideSolutionNode = FALSE
	EndGlobalSection
	GlobalSection(ExtensibilityGlobals) = postSolution
		SolutionGuid = {F264E085-4DDC-4E64-A8C9-F140C72D956C}
	EndGlobalSection
EndGlobal
